// !$*UTF8*$!
{
	archiveVersion = 1;
	classes = {
	};
	objectVersion = 46;
	objects = {

/* Begin PBXBuildFile section */
		4B1F42691C311B4F0070F421 /* main.m in Sources */ = {isa = PBXBuildFile; fileRef = 4B1F42681C311B4F0070F421 /* main.m */; };
		4B1F426C1C311B4F0070F421 /* AppDelegate.m in Sources */ = {isa = PBXBuildFile; fileRef = 4B1F426B1C311B4F0070F421 /* AppDelegate.m */; };
		4B1F426F1C311B4F0070F421 /* ViewController.m in Sources */ = {isa = PBXBuildFile; fileRef = 4B1F426E1C311B4F0070F421 /* ViewController.m */; };
		4B1F42721C311B4F0070F421 /* Main.storyboard in Resources */ = {isa = PBXBuildFile; fileRef = 4B1F42701C311B4F0070F421 /* Main.storyboard */; };
		4B1F42741C311B4F0070F421 /* Assets.xcassets in Resources */ = {isa = PBXBuildFile; fileRef = 4B1F42731C311B4F0070F421 /* Assets.xcassets */; };
		4B1F42771C311B4F0070F421 /* LaunchScreen.storyboard in Resources */ = {isa = PBXBuildFile; fileRef = 4B1F42751C311B4F0070F421 /* LaunchScreen.storyboard */; };
		4B1F42821C311B4F0070F421 /* searchControllerTests.m in Sources */ = {isa = PBXBuildFile; fileRef = 4B1F42811C311B4F0070F421 /* searchControllerTests.m */; };
		4B1F428D1C311B4F0070F421 /* searchControllerUITests.m in Sources */ = {isa = PBXBuildFile; fileRef = 4B1F428C1C311B4F0070F421 /* searchControllerUITests.m */; };
		4B1F429D1C311B9C0070F421 /* searchVC.m in Sources */ = {isa = PBXBuildFile; fileRef = 4B1F429B1C311B9C0070F421 /* searchVC.m */; };
		4B1F429E1C311B9C0070F421 /* searchVC.xib in Resources */ = {isa = PBXBuildFile; fileRef = 4B1F429C1C311B9C0070F421 /* searchVC.xib */; };
		4B9AAA951C8D933E00667A08 /* SearchResultViewController.m in Sources */ = {isa = PBXBuildFile; fileRef = 4B9AAA931C8D933E00667A08 /* SearchResultViewController.m */; };
		4B9AAA961C8D933E00667A08 /* SearchResultViewController.xib in Resources */ = {isa = PBXBuildFile; fileRef = 4B9AAA941C8D933E00667A08 /* SearchResultViewController.xib */; };
/* End PBXBuildFile section */

/* Begin PBXContainerItemProxy section */
		4B1F427E1C311B4F0070F421 /* PBXContainerItemProxy */ = {
			isa = PBXContainerItemProxy;
			containerPortal = 4B1F425C1C311B4F0070F421 /* Project object */;
			proxyType = 1;
			remoteGlobalIDString = 4B1F42631C311B4F0070F421;
			remoteInfo = searchController;
		};
		4B1F42891C311B4F0070F421 /* PBXContainerItemProxy */ = {
			isa = PBXContainerItemProxy;
			containerPortal = 4B1F425C1C311B4F0070F421 /* Project object */;
			proxyType = 1;
			remoteGlobalIDString = 4B1F42631C311B4F0070F421;
			remoteInfo = searchController;
		};
/* End PBXContainerItemProxy section */

/* Begin PBXFileReference section */
		4B1F42641C311B4F0070F421 /* searchController.app */ = {isa = PBXFileReference; explicitFileType = wrapper.application; includeInIndex = 0; path = searchController.app; sourceTree = BUILT_PRODUCTS_DIR; };
		4B1F42681C311B4F0070F421 /* main.m */ = {isa = PBXFileReference; lastKnownFileType = sourcecode.c.objc; path = main.m; sourceTree = "<group>"; };
		4B1F426A1C311B4F0070F421 /* AppDelegate.h */ = {isa = PBXFileReference; lastKnownFileType = sourcecode.c.h; path = AppDelegate.h; sourceTree = "<group>"; };
		4B1F426B1C311B4F0070F421 /* AppDelegate.m */ = {isa = PBXFileReference; lastKnownFileType = sourcecode.c.objc; path = AppDelegate.m; sourceTree = "<group>"; };
		4B1F426D1C311B4F0070F421 /* ViewController.h */ = {isa = PBXFileReference; lastKnownFileType = sourcecode.c.h; path = ViewController.h; sourceTree = "<group>"; };
		4B1F426E1C311B4F0070F421 /* ViewController.m */ = {isa = PBXFileReference; lastKnownFileType = sourcecode.c.objc; path = ViewController.m; sourceTree = "<group>"; };
		4B1F42711C311B4F0070F421 /* Base */ = {isa = PBXFileReference; lastKnownFileType = file.storyboard; name = Base; path = Base.lproj/Main.storyboard; sourceTree = "<group>"; };
		4B1F42731C311B4F0070F421 /* Assets.xcassets */ = {isa = PBXFileReference; lastKnownFileType = folder.assetcatalog; path = Assets.xcassets; sourceTree = "<group>"; };
		4B1F42761C311B4F0070F421 /* Base */ = {isa = PBXFileReference; lastKnownFileType = file.storyboard; name = Base; path = Base.lproj/LaunchScreen.storyboard; sourceTree = "<group>"; };
		4B1F42781C311B4F0070F421 /* Info.plist */ = {isa = PBXFileReference; lastKnownFileType = text.plist.xml; path = Info.plist; sourceTree = "<group>"; };
		4B1F427D1C311B4F0070F421 /* searchControllerTests.xctest */ = {isa = PBXFileReference; explicitFileType = wrapper.cfbundle; includeInIndex = 0; path = searchControllerTests.xctest; sourceTree = BUILT_PRODUCTS_DIR; };
		4B1F42811C311B4F0070F421 /* searchControllerTests.m */ = {isa = PBXFileReference; lastKnownFileType = sourcecode.c.objc; path = searchControllerTests.m; sourceTree = "<group>"; };
		4B1F42831C311B4F0070F421 /* Info.plist */ = {isa = PBXFileReference; lastKnownFileType = text.plist.xml; path = Info.plist; sourceTree = "<group>"; };
		4B1F42881C311B4F0070F421 /* searchControllerUITests.xctest */ = {isa = PBXFileReference; explicitFileType = wrapper.cfbundle; includeInIndex = 0; path = searchControllerUITests.xctest; sourceTree = BUILT_PRODUCTS_DIR; };
		4B1F428C1C311B4F0070F421 /* searchControllerUITests.m */ = {isa = PBXFileReference; lastKnownFileType = sourcecode.c.objc; path = searchControllerUITests.m; sourceTree = "<group>"; };
		4B1F428E1C311B4F0070F421 /* Info.plist */ = {isa = PBXFileReference; lastKnownFileType = text.plist.xml; path = Info.plist; sourceTree = "<group>"; };
		4B1F429A1C311B9C0070F421 /* searchVC.h */ = {isa = PBXFileReference; fileEncoding = 4; lastKnownFileType = sourcecode.c.h; path = searchVC.h; sourceTree = "<group>"; };
		4B1F429B1C311B9C0070F421 /* searchVC.m */ = {isa = PBXFileReference; fileEncoding = 4; lastKnownFileType = sourcecode.c.objc; path = searchVC.m; sourceTree = "<group>"; };
		4B1F429C1C311B9C0070F421 /* searchVC.xib */ = {isa = PBXFileReference; fileEncoding = 4; lastKnownFileType = file.xib; path = searchVC.xib; sourceTree = "<group>"; };
		4B9AAA921C8D933E00667A08 /* SearchResultViewController.h */ = {isa = PBXFileReference; fileEncoding = 4; lastKnownFileType = sourcecode.c.h; path = SearchResultViewController.h; sourceTree = "<group>"; };
		4B9AAA931C8D933E00667A08 /* SearchResultViewController.m */ = {isa = PBXFileReference; fileEncoding = 4; lastKnownFileType = sourcecode.c.objc; path = SearchResultViewController.m; sourceTree = "<group>"; };
		4B9AAA941C8D933E00667A08 /* SearchResultViewController.xib */ = {isa = PBXFileReference; fileEncoding = 4; lastKnownFileType = file.xib; path = SearchResultViewController.xib; sourceTree = "<group>"; };
/* End PBXFileReference section */

/* Begin PBXFrameworksBuildPhase section */
		4B1F42611C311B4F0070F421 /* Frameworks */ = {
			isa = PBXFrameworksBuildPhase;
			buildActionMask = 2147483647;
			files = (
			);
			runOnlyForDeploymentPostprocessing = 0;
		};
		4B1F427A1C311B4F0070F421 /* Frameworks */ = {
			isa = PBXFrameworksBuildPhase;
			buildActionMask = 2147483647;
			files = (
			);
			runOnlyForDeploymentPostprocessing = 0;
		};
		4B1F42851C311B4F0070F421 /* Frameworks */ = {
			isa = PBXFrameworksBuildPhase;
			buildActionMask = 2147483647;
			files = (
			);
			runOnlyForDeploymentPostprocessing = 0;
		};
/* End PBXFrameworksBuildPhase section */

/* Begin PBXGroup section */
		4B1F425B1C311B4F0070F421 = {
			isa = PBXGroup;
			children = (
				4B1F42661C311B4F0070F421 /* searchController */,
				4B1F42801C311B4F0070F421 /* searchControllerTests */,
				4B1F428B1C311B4F0070F421 /* searchControllerUITests */,
				4B1F42651C311B4F0070F421 /* Products */,
			);
			sourceTree = "<group>";
		};
		4B1F42651C311B4F0070F421 /* Products */ = {
			isa = PBXGroup;
			children = (
				4B1F42641C311B4F0070F421 /* searchController.app */,
				4B1F427D1C311B4F0070F421 /* searchControllerTests.xctest */,
				4B1F42881C311B4F0070F421 /* searchControllerUITests.xctest */,
			);
			name = Products;
			sourceTree = "<group>";
		};
		4B1F42661C311B4F0070F421 /* searchController */ = {
			isa = PBXGroup;
			children = (
				4B1F429A1C311B9C0070F421 /* searchVC.h */,
				4B1F429B1C311B9C0070F421 /* searchVC.m */,
				4B1F429C1C311B9C0070F421 /* searchVC.xib */,
				4B9AAA921C8D933E00667A08 /* SearchResultViewController.h */,
				4B9AAA931C8D933E00667A08 /* SearchResultViewController.m */,
				4B9AAA941C8D933E00667A08 /* SearchResultViewController.xib */,
				4B1F426A1C311B4F0070F421 /* AppDelegate.h */,
				4B1F426B1C311B4F0070F421 /* AppDelegate.m */,
				4B1F426D1C311B4F0070F421 /* ViewController.h */,
				4B1F426E1C311B4F0070F421 /* ViewController.m */,
				4B1F42701C311B4F0070F421 /* Main.storyboard */,
				4B1F42731C311B4F0070F421 /* Assets.xcassets */,
				4B1F42751C311B4F0070F421 /* LaunchScreen.storyboard */,
				4B1F42781C311B4F0070F421 /* Info.plist */,
				4B1F42671C311B4F0070F421 /* Supporting Files */,
			);
			path = searchController;
			sourceTree = "<group>";
		};
		4B1F42671C311B4F0070F421 /* Supporting Files */ = {
			isa = PBXGroup;
			children = (
				4B1F42681C311B4F0070F421 /* main.m */,
			);
			name = "Supporting Files";
			sourceTree = "<group>";
		};
		4B1F42801C311B4F0070F421 /* searchControllerTests */ = {
			isa = PBXGroup;
			children = (
				4B1F42811C311B4F0070F421 /* searchControllerTests.m */,
				4B1F42831C311B4F0070F421 /* Info.plist */,
			);
			path = searchControllerTests;
			sourceTree = "<group>";
		};
		4B1F428B1C311B4F0070F421 /* searchControllerUITests */ = {
			isa = PBXGroup;
			children = (
				4B1F428C1C311B4F0070F421 /* searchControllerUITests.m */,
				4B1F428E1C311B4F0070F421 /* Info.plist */,
			);
			path = searchControllerUITests;
			sourceTree = "<group>";
		};
/* End PBXGroup section */

/* Begin PBXNativeTarget section */
		4B1F42631C311B4F0070F421 /* searchController */ = {
			isa = PBXNativeTarget;
			buildConfigurationList = 4B1F42911C311B4F0070F421 /* Build configuration list for PBXNativeTarget "searchController" */;
			buildPhases = (
				4B1F42601C311B4F0070F421 /* Sources */,
				4B1F42611C311B4F0070F421 /* Frameworks */,
				4B1F42621C311B4F0070F421 /* Resources */,
			);
			buildRules = (
			);
			dependencies = (
			);
			name = searchController;
			productName = searchController;
			productReference = 4B1F42641C311B4F0070F421 /* searchController.app */;
			productType = "com.apple.product-type.application";
		};
		4B1F427C1C311B4F0070F421 /* searchControllerTests */ = {
			isa = PBXNativeTarget;
			buildConfigurationList = 4B1F42941C311B4F0070F421 /* Build configuration list for PBXNativeTarget "searchControllerTests" */;
			buildPhases = (
				4B1F42791C311B4F0070F421 /* Sources */,
				4B1F427A1C311B4F0070F421 /* Frameworks */,
				4B1F427B1C311B4F0070F421 /* Resources */,
			);
			buildRules = (
			);
			dependencies = (
				4B1F427F1C311B4F0070F421 /* PBXTargetDependency */,
			);
			name = searchControllerTests;
			productName = searchControllerTests;
			productReference = 4B1F427D1C311B4F0070F421 /* searchControllerTests.xctest */;
			productType = "com.apple.product-type.bundle.unit-test";
		};
		4B1F42871C311B4F0070F421 /* searchControllerUITests */ = {
			isa = PBXNativeTarget;
			buildConfigurationList = 4B1F42971C311B4F0070F421 /* Build configuration list for PBXNativeTarget "searchControllerUITests" */;
			buildPhases = (
				4B1F42841C311B4F0070F421 /* Sources */,
				4B1F42851C311B4F0070F421 /* Frameworks */,
				4B1F42861C311B4F0070F421 /* Resources */,
			);
			buildRules = (
			);
			dependencies = (
				4B1F428A1C311B4F0070F421 /* PBXTargetDependency */,
			);
			name = searchControllerUITests;
			productName = searchControllerUITests;
			productReference = 4B1F42881C311B4F0070F421 /* searchControllerUITests.xctest */;
			productType = "com.apple.product-type.bundle.ui-testing";
		};
/* End PBXNativeTarget section */

/* Begin PBXProject section */
		4B1F425C1C311B4F0070F421 /* Project object */ = {
			isa = PBXProject;
			attributes = {
				LastUpgradeCheck = 0720;
				ORGANIZATIONNAME = "王涛";
				TargetAttributes = {
					4B1F42631C311B4F0070F421 = {
						CreatedOnToolsVersion = 7.2;
					};
					4B1F427C1C311B4F0070F421 = {
						CreatedOnToolsVersion = 7.2;
						TestTargetID = 4B1F42631C311B4F0070F421;
					};
					4B1F42871C311B4F0070F421 = {
						CreatedOnToolsVersion = 7.2;
						TestTargetID = 4B1F42631C311B4F0070F421;
					};
				};
			};
			buildConfigurationList = 4B1F425F1C311B4F0070F421 /* Build configuration list for PBXProject "searchController" */;
			compatibilityVersion = "Xcode 3.2";
			developmentRegion = English;
			hasScannedForEncodings = 0;
			knownRegions = (
				en,
				Base,
			);
			mainGroup = 4B1F425B1C311B4F0070F421;
			productRefGroup = 4B1F42651C311B4F0070F421 /* Products */;
			projectDirPath = "";
			projectRoot = "";
			targets = (
				4B1F42631C311B4F0070F421 /* searchController */,
				4B1F427C1C311B4F0070F421 /* searchControllerTests */,
				4B1F42871C311B4F0070F421 /* searchControllerUITests */,
			);
		};
/* End PBXProject section */

/* Begin PBXResourcesBuildPhase section */
		4B1F42621C311B4F0070F421 /* Resources */ = {
			isa = PBXResourcesBuildPhase;
			buildActionMask = 2147483647;
			files = (
				4B1F429E1C311B9C0070F421 /* searchVC.xib in Resources */,
				4B1F42771C311B4F0070F421 /* LaunchScreen.storyboard in Resources */,
				4B9AAA961C8D933E00667A08 /* SearchResultViewController.xib in Resources */,
				4B1F42741C311B4F0070F421 /* Assets.xcassets in Resources */,
				4B1F42721C311B4F0070F421 /* Main.storyboard in Resources */,
			);
			runOnlyForDeploymentPostprocessing = 0;
		};
		4B1F427B1C311B4F0070F421 /* Resources */ = {
			isa = PBXResourcesBuildPhase;
			buildActionMask = 2147483647;
			files = (
			);
			runOnlyForDeploymentPostprocessing = 0;
		};
		4B1F42861C311B4F0070F421 /* Resources */ = {
			isa = PBXResourcesBuildPhase;
			buildActionMask = 2147483647;
			files = (
			);
			runOnlyForDeploymentPostprocessing = 0;
		};
/* End PBXResourcesBuildPhase section */

/* Begin PBXSourcesBuildPhase section */
		4B1F42601C311B4F0070F421 /* Sources */ = {
			isa = PBXSourcesBuildPhase;
			buildActionMask = 2147483647;
			files = (
				4B1F429D1C311B9C0070F421 /* searchVC.m in Sources */,
				4B1F426F1C311B4F0070F421 /* ViewController.m in Sources */,
				4B1F426C1C311B4F0070F421 /* AppDelegate.m in Sources */,
				4B1F42691C311B4F0070F421 /* main.m in Sources */,
				4B9AAA951C8D933E00667A08 /* SearchResultViewController.m in Sources */,
			);
			runOnlyForDeploymentPostprocessing = 0;
		};
		4B1F42791C311B4F0070F421 /* Sources */ = {
			isa = PBXSourcesBuildPhase;
			buildActionMask = 2147483647;
			files = (
				4B1F42821C311B4F0070F421 /* searchControllerTests.m in Sources */,
			);
			runOnlyForDeploymentPostprocessing = 0;
		};
		4B1F42841C311B4F0070F421 /* Sources */ = {
			isa = PBXSourcesBuildPhase;
			buildActionMask = 2147483647;
			files = (
				4B1F428D1C311B4F0070F421 /* searchControllerUITests.m in Sources */,
			);
			runOnlyForDeploymentPostprocessing = 0;
		};
/* End PBXSourcesBuildPhase section */

/* Begin PBXTargetDependency section */
		4B1F427F1C311B4F0070F421 /* PBXTargetDependency */ = {
			isa = PBXTargetDependency;
			target = 4B1F42631C311B4F0070F421 /* searchController */;
			targetProxy = 4B1F427E1C311B4F0070F421 /* PBXContainerItemProxy */;
		};
		4B1F428A1C311B4F0070F421 /* PBXTargetDependency */ = {
			isa = PBXTargetDependency;
			target = 4B1F42631C311B4F0070F421 /* searchController */;
			targetProxy = 4B1F42891C311B4F0070F421 /* PBXContainerItemProxy */;
		};
/* End PBXTargetDependency section */

/* Begin PBXVariantGroup section */
		4B1F42701C311B4F0070F421 /* Main.storyboard */ = {
			isa = PBXVariantGroup;
			children = (
				4B1F42711C311B4F0070F421 /* Base */,
			);
			name = Main.storyboard;
			sourceTree = "<group>";
		};
		4B1F42751C311B4F0070F421 /* LaunchScreen.storyboard */ = {
			isa = PBXVariantGroup;
			children = (
				4B1F42761C311B4F0070F421 /* Base */,
			);
			name = LaunchScreen.storyboard;
			sourceTree = "<group>";
		};
/* End PBXVariantGroup section */

/* Begin XCBuildConfiguration section */
		4B1F428F1C311B4F0070F421 /* Debug */ = {
			isa = XCBuildConfiguration;
			buildSettings = {
				ALWAYS_SEARCH_USER_PATHS = NO;
				CLANG_CXX_LANGUAGE_STANDARD = "gnu++0x";
				CLANG_CXX_LIBRARY = "libc++";
				CLANG_ENABLE_MODULES = YES;
				CLANG_ENABLE_OBJC_ARC = YES;
				CLANG_WARN_BOOL_CONVERSION = YES;
				CLANG_WARN_CONSTANT_CONVERSION = YES;
				CLANG_WARN_DIRECT_OBJC_ISA_USAGE = YES_ERROR;
				CLANG_WARN_EMPTY_BODY = YES;
				CLANG_WARN_ENUM_CONVERSION = YES;
				CLANG_WARN_INT_CONVERSION = YES;
				CLANG_WARN_OBJC_ROOT_CLASS = YES_ERROR;
				CLANG_WARN_UNREACHABLE_CODE = YES;
				CLANG_WARN__DUPLICATE_METHOD_MATCH = YES;
				"CODE_SIGN_IDENTITY[sdk=iphoneos*]" = "iPhone Developer";
				COPY_PHASE_STRIP = NO;
				DEBUG_INFORMATION_FORMAT = dwarf;
				ENABLE_STRICT_OBJC_MSGSEND = YES;
				ENABLE_TESTABILITY = YES;
				GCC_C_LANGUAGE_STANDARD = gnu99;
				GCC_DYNAMIC_NO_PIC = NO;
				GCC_NO_COMMON_BLOCKS = YES;
				GCC_OPTIMIZATION_LEVEL = 0;
				GCC_PREPROCESSOR_DEFINITIONS = (
					"DEBUG=1",
					"$(inherited)",
				);
				GCC_WARN_64_TO_32_BIT_CONVERSION = YES;
				GCC_WARN_ABOUT_RETURN_TYPE = YES_ERROR;
				GCC_WARN_UNDECLARED_SELECTOR = YES;
				GCC_WARN_UNINITIALIZED_AUTOS = YES_AGGRESSIVE;
				GCC_WARN_UNUSED_FUNCTION = YES;
				GCC_WARN_UNUSED_VARIABLE = YES;
				IPHONEOS_DEPLOYMENT_TARGET = 9.2;
				MTL_ENABLE_DEBUG_INFO = YES;
				ONLY_ACTIVE_ARCH = YES;
				SDKROOT = iphoneos;
			};
			name = Debug;
		};
		4B1F42901C311B4F0070F421 /* Release */ = {
			isa = XCBuildConfiguration;
			buildSettings = {
				ALWAYS_SEARCH_USER_PATHS = NO;
				CLANG_CXX_LANGUAGE_STANDARD = "gnu++0x";
				CLANG_CXX_LIBRARY = "libc++";
				CLANG_ENABLE_MODULES = YES;
				CLANG_ENABLE_OBJC_ARC = YES;
				CLANG_WARN_BOOL_CONVERSION = YES;
				CLANG_WARN_CONSTANT_CONVERSION = YES;
				CLANG_WARN_DIRECT_OBJC_ISA_USAGE = YES_ERROR;
				CLANG_WARN_EMPTY_BODY = YES;
				CLANG_WARN_ENUM_CONVERSION = YES;
				CLANG_WARN_INT_CONVERSION = YES;
				CLANG_WARN_OBJC_ROOT_CLASS = YES_ERROR;
				CLANG_WARN_UNREACHABLE_CODE = YES;
				CLANG_WARN__DUPLICATE_METHOD_MATCH = YES;
				"CODE_SIGN_IDENTITY[sdk=iphoneos*]" = "iPhone Developer";
				COPY_PHASE_STRIP = NO;
				DEBUG_INFORMATION_FORMAT = "dwarf-with-dsym";
				ENABLE_NS_ASSERTIONS = NO;
				ENABLE_STRICT_OBJC_MSGSEND = YES;
				GCC_C_LANGUAGE_STANDARD = gnu99;
				GCC_NO_COMMON_BLOCKS = YES;
				GCC_WARN_64_TO_32_BIT_CONVERSION = YES;
				GCC_WARN_ABOUT_RETURN_TYPE = YES_ERROR;
				GCC_WARN_UNDECLARED_SELECTOR = YES;
				GCC_WARN_UNINITIALIZED_AUTOS = YES_AGGRESSIVE;
				GCC_WARN_UNUSED_FUNCTION = YES;
				GCC_WARN_UNUSED_VARIABLE = YES;
				IPHONEOS_DEPLOYMENT_TARGET = 9.2;
				MTL_ENABLE_DEBUG_INFO = NO;
				SDKROOT = iphoneos;
				VALIDATE_PRODUCT = YES;
			};
			name = Release;
		};
		4B1F42921C311B4F0070F421 /* Debug */ = {
			isa = XCBuildConfiguration;
			buildSettings = {
				ASSETCATALOG_COMPILER_APPICON_NAME = AppIcon;
				INFOPLIST_FILE = searchController/Info.plist;
				LD_RUNPATH_SEARCH_PATHS = "$(inherited) @executable_path/Frameworks";
				PRODUCT_BUNDLE_IDENTIFIER = wt.searchController;
				PRODUCT_NAME = "$(TARGET_NAME)";
			};
			name = Debug;
		};
		4B1F42931C311B4F0070F421 /* Release */ = {
			isa = XCBuildConfiguration;
			buildSettings = {
				ASSETCATALOG_COMPILER_APPICON_NAME = AppIcon;
				INFOPLIST_FILE = searchController/Info.plist;
				LD_RUNPATH_SEARCH_PATHS = "$(inherited) @executable_path/Frameworks";
				PRODUCT_BUNDLE_IDENTIFIER = wt.searchController;
				PRODUCT_NAME = "$(TARGET_NAME)";
			};
			name = Release;
		};
		4B1F42951C311B4F0070F421 /* Debug */ = {
			isa = XCBuildConfiguration;
			buildSettings = {
				BUNDLE_LOADER = "$(TEST_HOST)";
				INFOPLIST_FILE = searchControllerTests/Info.plist;
				LD_RUNPATH_SEARCH_PATHS = "$(inherited) @executable_path/Frameworks @loader_path/Frameworks";
				PRODUCT_BUNDLE_IDENTIFIER = wt.searchControllerTests;
				PRODUCT_NAME = "$(TARGET_NAME)";
				TEST_HOST = "$(BUILT_PRODUCTS_DIR)/searchController.app/searchController";
			};
			name = Debug;
		};
		4B1F42961C311B4F0070F421 /* Release */ = {
			isa = XCBuildConfiguration;
			buildSettings = {
				BUNDLE_LOADER = "$(TEST_HOST)";
				INFOPLIST_FILE = searchControllerTests/Info.plist;
				LD_RUNPATH_SEARCH_PATHS = "$(inherited) @executable_path/Frameworks @loader_path/Frameworks";
				PRODUCT_BUNDLE_IDENTIFIER = wt.searchControllerTests;
				PRODUCT_NAME = "$(TARGET_NAME)";
				TEST_HOST = "$(BUILT_PRODUCTS_DIR)/searchController.app/searchController";
			};
			name = Release;
		};
		4B1F42981C311B4F0070F421 /* Debug */ = {
			isa = XCBuildConfiguration;
			buildSettings = {
				INFOPLIST_FILE = searchControllerUITests/Info.plist;
				LD_RUNPATH_SEARCH_PATHS = "$(inherited) @executable_path/Frameworks @loader_path/Frameworks";
				PRODUCT_BUNDLE_IDENTIFIER = wt.searchControllerUITests;
				PRODUCT_NAME = "$(TARGET_NAME)";
				TEST_TARGET_NAME = searchController;
				USES_XCTRUNNER = YES;
			};
			name = Debug;
		};
		4B1F42991C311B4F0070F421 /* Release */ = {
			isa = XCBuildConfiguration;
			buildSettings = {
				INFOPLIST_FILE = searchControllerUITests/Info.plist;
				LD_RUNPATH_SEARCH_PATHS = "$(inherited) @executable_path/Frameworks @loader_path/Frameworks";
				PRODUCT_BUNDLE_IDENTIFIER = wt.searchControllerUITests;
				PRODUCT_NAME = "$(TARGET_NAME)";
				TEST_TARGET_NAME = searchController;
				USES_XCTRUNNER = YES;
			};
			name = Release;
		};
/* End XCBuildConfiguration section */

/* Begin XCConfigurationList section */
		4B1F425F1C311B4F0070F421 /* Build configuration list for PBXProject "searchController" */ = {
			isa = XCConfigurationList;
			buildConfigurations = (
				4B1F428F1C311B4F0070F421 /* Debug */,
				4B1F42901C311B4F0070F421 /* Release */,
			);
			defaultConfigurationIsVisible = 0;
			defaultConfigurationName = Release;
		};
		4B1F42911C311B4F0070F421 /* Build configuration list for PBXNativeTarget "searchController" */ = {
			isa = XCConfigurationList;
			buildConfigurations = (
				4B1F42921C311B4F0070F421 /* Debug */,
				4B1F42931C311B4F0070F421 /* Release */,
			);
			defaultConfigurationIsVisible = 0;
			defaultConfigurationName = Release;
		};
		4B1F42941C311B4F0070F421 /* Build configuration list for PBXNativeTarget "searchControllerTests" */ = {
			isa = XCConfigurationList;
			buildConfigurations = (
				4B1F42951C311B4F0070F421 /* Debug */,
				4B1F42961C311B4F0070F421 /* Release */,
			);
			defaultConfigurationIsVisible = 0;
			defaultConfigurationName = Release;
		};
		4B1F42971C311B4F0070F421 /* Build configuration list for PBXNativeTarget "searchControllerUITests" */ = {
			isa = XCConfigurationList;
			buildConfigurations = (
				4B1F42981C311B4F0070F421 /* Debug */,
				4B1F42991C311B4F0070F421 /* Release */,
			);
			defaultConfigurationIsVisible = 0;
			defaultConfigurationName = Release;
		};
/* End XCConfigurationList section */
	};
	rootObject = 4B1F425C1C311B4F0070F421 /* Project object */;
}
